
Microsoft Visual Studio Solution File, Format Version 12.00
# Visual Studio Version 16
VisualStudioVersion = 16.0.30611.23
MinimumVisualStudioVersion = 10.0.40219.1
Project("{FAE04EC0-301F-11D3-BF4B-00C04F79EFBC}") = "SignalRHub", "SignalRHub\SignalRHub.csproj", "{86A1E6AE-6AC1-408C-A372-418593A31FEC}"
EndProject
Project("{FAE04EC0-301F-11D3-BF4B-00C04F79EFBC}") = "WebClient", "WebClient\WebClient.csproj", "{4E36BAD8-C737-4B9B-93E1-7329C6D76C12}"
EndProject
Global
	GlobalSection(SolutionConfigurationPlatforms) = preSolution
		Debug|Any CPU = Debug|Any CPU
		Release|Any CPU = Release|Any CPU
	EndGlobalSection
	GlobalSection(ProjectConfigurationPlatforms) = postSolution
		{86A1E6AE-6AC1-408C-A372-418593A31FEC}.Debug|Any CPU.ActiveCfg = Debug|Any CPU
		{86A1E6AE-6AC1-408C-A372-418593A31FEC}.Debug|Any CPU.Build.0 = Debug|Any CPU
		{86A1E6AE-6AC1-408C-A372-418593A31FEC}.Release|Any CPU.ActiveCfg = Release|Any CPU
		{86A1E6AE-6AC1-408C-A372-418593A31FEC}.Release|Any CPU.Build.0 = Release|Any CPU
		{4E36BAD8-C737-4B9B-93E1-7329C6D76C12}.Debug|Any CPU.ActiveCfg = Debug|Any CPU
		{4E36BAD8-C737-4B9B-93E1-7329C6D76C12}.Debug|Any CPU.Build.0 = Debug|Any CPU
		{4E36BAD8-C737-4B9B-93E1-7329C6D76C12}.Release|Any CPU.ActiveCfg = Release|Any CPU
		{4E36BAD8-C737-4B9B-93E1-7329C6D76C12}.Release|Any CPU.Build.0 = Release|Any CPU
	EndGlobalSection
	GlobalSection(SolutionProperties) = preSolution
		HideSolutionNode = FALSE
	EndGlobalSection
	GlobalSection(ExtensibilityGlobals) = postSolution
		SolutionGuid = {3F3E7149-3A4C-4A06-9574-10DBF3358E1A}
	EndGlobalSection
EndGlobal
